
Microsoft Visual Studio Solution File, Format Version 12.00
# Visual Studio Version 16
VisualStudioVersion = 16.0.31205.134
MinimumVisualStudioVersion = 10.0.40219.1
Project("{FAE04EC0-301F-11D3-BF4B-00C04F79EFBC}") = "FluentWidgets", "FluentWidgets\FluentWidgets.csproj", "{41D4E5D9-18D8-46FF-9F17-FF211FCEFA7E}"
EndProject
Global
	GlobalSection(SolutionConfigurationPlatforms) = preSolution
		Debug|Any CPU = Debug|Any CPU
		Release|Any CPU = Release|Any CPU
	EndGlobalSection
	GlobalSection(ProjectConfigurationPlatforms) = postSolution
		{41D4E5D9-18D8-46FF-9F17-FF211FCEFA7E}.Debug|Any CPU.ActiveCfg = Debug|Any CPU
		{41D4E5D9-18D8-46FF-9F17-FF211FCEFA7E}.Debug|Any CPU.Build.0 = Debug|Any CPU
		{41D4E5D9-18D8-46FF-9F17-FF211FCEFA7E}.Release|Any CPU.ActiveCfg = Release|Any CPU
		{41D4E5D9-18D8-46FF-9F17-FF211FCEFA7E}.Release|Any CPU.Build.0 = Release|Any CPU
	EndGlobalSection
	GlobalSection(SolutionProperties) = preSolution
		HideSolutionNode = FALSE
	EndGlobalSection
	GlobalSection(ExtensibilityGlobals) = postSolution
		SolutionGuid = {D7C1B3BA-4061-4C81-BFA9-D4D14EF57CD7}
	EndGlobalSection
EndGlobal
